
Microsoft Visual Studio Solution File, Format Version 11.00
# Visual Studio 2010
Project("{F184B08F-C81C-45F6-A57F-5ABD9991F28F}") = "GymAdmin", "GymAdmin\GymAdmin.vbproj", "{FC1F9D0B-235D-4F91-A6BC-9B8517047823}"
EndProject
Global
	GlobalSection(SolutionConfigurationPlatforms) = preSolution
		Debug|x86 = Debug|x86
		Release|x86 = Release|x86
	EndGlobalSection
	GlobalSection(ProjectConfigurationPlatforms) = postSolution
		{FC1F9D0B-235D-4F91-A6BC-9B8517047823}.Debug|x86.ActiveCfg = Debug|x86
		{FC1F9D0B-235D-4F91-A6BC-9B8517047823}.Debug|x86.Build.0 = Debug|x86
		{FC1F9D0B-235D-4F91-A6BC-9B8517047823}.Release|x86.ActiveCfg = Release|x86
		{FC1F9D0B-235D-4F91-A6BC-9B8517047823}.Release|x86.Build.0 = Release|x86
	EndGlobalSection
	GlobalSection(SolutionProperties) = preSolution
		HideSolutionNode = FALSE
	EndGlobalSection
EndGlobal
